<?xml version="1.0" encoding="utf-8"?>
<Project ToolsVersion="4.0" xmlns="http://schemas.microsoft.com/developer/msbuild/2003">
  <ItemGroup>
    <Filter Include="Source Files">
      <UniqueIdentifier>{4FC737F1-C7A5-4376-A066-2A32D752A2FF}</UniqueIdentifier>
      <Extensions>cpp;c;cc;cxx;c++;def;odl;idl;hpj;bat;asm;asmx</Extensions>
    </Filter>
    <Filter Include="Header Files">
      <UniqueIdentifier>{93995380-89BD-4b04-88EB-625FBE52EBFB}</UniqueIdentifier>
      <Extensions>h;hh;hpp;hxx;h++;hm;inl;inc;ipp;xsd</Extensions>
    </Filter>
    <Filter Include="Resource Files">
      <UniqueIdentifier>{67DA6AB6-F800-4c08-8B7A-83BB121AAD01}</UniqueIdentifier>
      <Extensions>rc;ico;cur;bmp;dlg;rc2;rct;bin;rgs;gif;jpg;jpeg;jpe;resx;tiff;tif;png;wav;mfcribbon-ms</Extensions>
    </Filter>
    <Filter Include="Header Files\linalg">
      <UniqueIdentifier>{d96e53ea-8cd6-4deb-ba1e-88d4b10ead8f}</UniqueIdentifier>
    </Filter>
    <Filter Include="Header Files\linprog">
      <UniqueIdentifier>{916d119c-03d2-45ce-aaa7-d714d16ffdbb}</UniqueIdentifier>
    </Filter>
  </ItemGroup>
  <ItemGroup>
    <ClInclude Include="EntitySystem.h">
      <Filter>Header Files</Filter>
    </ClInclude>
    <ClInclude Include="Emulator.h">
      <Filter>Header Files</Filter>
    </ClInclude>
    <ClInclude Include="linalg\inverse.h">
      <Filter>Header Files\linalg</Filter>
    </ClInclude>
    <ClInclude Include="linalg\linalg.h">
      <Filter>Header Files\linalg</Filter>
    </ClInclude>
    <ClInclude Include="linalg\matmul.h">
      <Filter>Header Files\linalg</Filter>
    </ClInclude>
    <ClInclude Include="linalg\traits.h">
      <Filter>Header Files\linalg</Filter>
    </ClInclude>
    <ClInclude Include="linalg\add.h">
      <Filter>Header Files\linalg</Filter>
    </ClInclude>
    <ClInclude Include="linprog\seidel.h">
      <Filter>Header Files</Filter>
    </ClInclude>
    <ClInclude Include="network\udp.h">
      <Filter>Header Files</Filter>
    </ClInclude>
    <ClInclude Include="linalg\transpose.h">
      <Filter>Header Files</Filter>
    </ClInclude>
    <ClInclude Include="linalg\determinant.h">
      <Filter>Header Files</Filter>
    </ClInclude>
    <ClInclude Include="kinematics\kinematics.h">
      <Filter>Header Files</Filter>
    </ClInclude>
    <ClInclude Include="linalg\matrix_view.h">
      <Filter>Header Files</Filter>
    </ClInclude>
    <ClInclude Include="linalg\algorithms\lu_decomposition.h">
      <Filter>Header Files</Filter>
    </ClInclude>
    <ClInclude Include="linalg\matrices.h">
      <Filter>Header Files</Filter>
    </ClInclude>
    <ClInclude Include="linalg\tools.h">
      <Filter>Header Files</Filter>
    </ClInclude>
    <ClInclude Include="graph\graph.h">
      <Filter>Header Files</Filter>
    </ClInclude>
    <ClInclude Include="utils.h">
      <Filter>Header Files</Filter>
    </ClInclude>
    <ClInclude Include="graph\iterators.h">
      <Filter>Header Files</Filter>
    </ClInclude>
    <ClInclude Include="graph\algorithms.h">
      <Filter>Header Files</Filter>
    </ClInclude>
    <ClInclude Include="memory\tree.h">
      <Filter>Header Files</Filter>
    </ClInclude>
    <ClInclude Include="memory\refcounter.h">
      <Filter>Header Files</Filter>
    </ClInclude>
    <ClInclude Include="memory\garbage_collector.h">
      <Filter>Header Files</Filter>
    </ClInclude>
    <ClInclude Include="linalg\matrices_dynamic.h">
      <Filter>Header Files</Filter>
    </ClInclude>
    <ClInclude Include="graph\traits.h">
      <Filter>Header Files</Filter>
    </ClInclude>
    <ClInclude Include="graph\tensor_graph.h">
      <Filter>Header Files</Filter>
    </ClInclude>
    <ClInclude Include="geometry\geometry.h">
      <Filter>Header Files</Filter>
    </ClInclude>
    <ClInclude Include="geometry\algorithms\algorithms.h">
      <Filter>Header Files</Filter>
    </ClInclude>
    <ClInclude Include="kinematics\rotation.h">
      <Filter>Header Files</Filter>
    </ClInclude>
    <ClInclude Include="kinematics\transformation.h">
      <Filter>Header Files</Filter>
    </ClInclude>
    <ClInclude Include="kinematics\translation.h">
      <Filter>Header Files</Filter>
    </ClInclude>
    <ClInclude Include="kinematics\math.h">
      <Filter>Header Files</Filter>
    </ClInclude>
    <ClInclude Include="kinematics\algorithms\forward_kinematics.h">
      <Filter>Header Files</Filter>
    </ClInclude>
    <ClInclude Include="kinematics\robot\robot.h">
      <Filter>Header Files</Filter>
    </ClInclude>
    <ClInclude Include="kinematics\robot\node.h">
      <Filter>Header Files</Filter>
    </ClInclude>
    <ClInclude Include="memory\event_queue.h">
      <Filter>Header Files</Filter>
    </ClInclude>
    <ClInclude Include="units\units.h">
      <Filter>Header Files</Filter>
    </ClInclude>
    <ClInclude Include="linalg\solve.h">
      <Filter>Header Files</Filter>
    </ClInclude>
    <ClInclude Include="linalg\algorithms\eigenvalues.h">
      <Filter>Header Files</Filter>
    </ClInclude>
    <ClInclude Include="units\tensors.h">
      <Filter>Header Files</Filter>
    </ClInclude>
    <ClInclude Include="memory\constexpr_map.h">
      <Filter>Header Files</Filter>
    </ClInclude>
  </ItemGroup>
  <ItemGroup>
    <ClCompile Include="vic.cpp">
      <Filter>Source Files</Filter>
    </ClCompile>
  </ItemGroup>
</Project>